
Microsoft Visual Studio Solution File, Format Version 12.00
# Visual Studio 15
VisualStudioVersion = 15.0.27130.0
MinimumVisualStudioVersion = 10.0.40219.1
Project("{FAE04EC0-301F-11D3-BF4B-00C04F79EFBC}") = "WindowsFormsApp33", "WindowsFormsApp33\WindowsFormsApp33.csproj", "{A476F8A3-06D7-4ABF-8002-EA5439E0E52F}"
EndProject
Global
	GlobalSection(SolutionConfigurationPlatforms) = preSolution
		Debug|Any CPU = Debug|Any CPU
		Release|Any CPU = Release|Any CPU
	EndGlobalSection
	GlobalSection(ProjectConfigurationPlatforms) = postSolution
		{A476F8A3-06D7-4ABF-8002-EA5439E0E52F}.Debug|Any CPU.ActiveCfg = Debug|Any CPU
		{A476F8A3-06D7-4ABF-8002-EA5439E0E52F}.Debug|Any CPU.Build.0 = Debug|Any CPU
		{A476F8A3-06D7-4ABF-8002-EA5439E0E52F}.Release|Any CPU.ActiveCfg = Release|Any CPU
		{A476F8A3-06D7-4ABF-8002-EA5439E0E52F}.Release|Any CPU.Build.0 = Release|Any CPU
	EndGlobalSection
	GlobalSection(SolutionProperties) = preSolution
		HideSolutionNode = FALSE
	EndGlobalSection
	GlobalSection(ExtensibilityGlobals) = postSolution
		SolutionGuid = {7A8E56BC-F7BF-4ED8-97E2-E1E7E8154EC9}
	EndGlobalSection
EndGlobal
